
Microsoft Visual Studio Solution File, Format Version 12.00
# Visual Studio 15
Project("{FAE04EC0-301F-11D3-BF4B-00C04F79EFBC}") = "Assembly-CSharp", "Assembly-CSharp.csproj", "{158FF971-A5FD-0DB9-AA21-AC083C8908AD}"
EndProject
Project("{FAE04EC0-301F-11D3-BF4B-00C04F79EFBC}") = "Assembly-CSharp-firstpass", "Assembly-CSharp-firstpass.csproj", "{87B15ADD-F18F-8E63-B242-818626432AB5}"
EndProject
Project("{FAE04EC0-301F-11D3-BF4B-00C04F79EFBC}") = "Assembly-CSharp-Editor-firstpass", "Assembly-CSharp-Editor-firstpass.csproj", "{A284217D-C659-3467-F79B-6EA0BC2EEAE6}"
EndProject
Global
	GlobalSection(SolutionConfigurationPlatforms) = preSolution
		Debug|Any CPU = Debug|Any CPU
		Release|Any CPU = Release|Any CPU
	EndGlobalSection
	GlobalSection(ProjectConfigurationPlatforms) = postSolution
		{158FF971-A5FD-0DB9-AA21-AC083C8908AD}.Debug|Any CPU.ActiveCfg = Debug|Any CPU
		{158FF971-A5FD-0DB9-AA21-AC083C8908AD}.Debug|Any CPU.Build.0 = Debug|Any CPU
		{158FF971-A5FD-0DB9-AA21-AC083C8908AD}.Release|Any CPU.ActiveCfg = Release|Any CPU
		{158FF971-A5FD-0DB9-AA21-AC083C8908AD}.Release|Any CPU.Build.0 = Release|Any CPU
		{87B15ADD-F18F-8E63-B242-818626432AB5}.Debug|Any CPU.ActiveCfg = Debug|Any CPU
		{87B15ADD-F18F-8E63-B242-818626432AB5}.Debug|Any CPU.Build.0 = Debug|Any CPU
		{87B15ADD-F18F-8E63-B242-818626432AB5}.Release|Any CPU.ActiveCfg = Release|Any CPU
		{87B15ADD-F18F-8E63-B242-818626432AB5}.Release|Any CPU.Build.0 = Release|Any CPU
		{A284217D-C659-3467-F79B-6EA0BC2EEAE6}.Debug|Any CPU.ActiveCfg = Debug|Any CPU
		{A284217D-C659-3467-F79B-6EA0BC2EEAE6}.Debug|Any CPU.Build.0 = Debug|Any CPU
		{A284217D-C659-3467-F79B-6EA0BC2EEAE6}.Release|Any CPU.ActiveCfg = Release|Any CPU
		{A284217D-C659-3467-F79B-6EA0BC2EEAE6}.Release|Any CPU.Build.0 = Release|Any CPU
	EndGlobalSection
	GlobalSection(SolutionProperties) = preSolution
		HideSolutionNode = FALSE
	EndGlobalSection
EndGlobal
